Microsoft Visual Studio Solution File, Format Version 12.00
# Visual Studio Version 17
VisualStudioVersion = 17.5.2.0
MinimumVisualStudioVersion = 10.0.40219.1
Project("{FAE04EC0-301F-11D3-BF4B-00C04F79EFBC}") = "tool", "tool\tool.csproj", "{92F0FC15-86C6-A8AE-3A6F-83927C8BA4BA}"
EndProject
Global
	GlobalSection(SolutionConfigurationPlatforms) = preSolution
		Debug|Any CPU = Debug|Any CPU
		Release|Any CPU = Release|Any CPU
	EndGlobalSection
	GlobalSection(ProjectConfigurationPlatforms) = postSolution
		{92F0FC15-86C6-A8AE-3A6F-83927C8BA4BA}.Debug|Any CPU.ActiveCfg = Debug|Any CPU
		{92F0FC15-86C6-A8AE-3A6F-83927C8BA4BA}.Debug|Any CPU.Build.0 = Debug|Any CPU
		{92F0FC15-86C6-A8AE-3A6F-83927C8BA4BA}.Release|Any CPU.ActiveCfg = Release|Any CPU
		{92F0FC15-86C6-A8AE-3A6F-83927C8BA4BA}.Release|Any CPU.Build.0 = Release|Any CPU
	EndGlobalSection
	GlobalSection(SolutionProperties) = preSolution
		HideSolutionNode = FALSE
	EndGlobalSection
	GlobalSection(ExtensibilityGlobals) = postSolution
		SolutionGuid = {A7CE829B-2A8A-41E4-81A5-3C5BAB69EFD1}
	EndGlobalSection
EndGlobal
